
Microsoft Visual Studio Solution File, Format Version 12.00
# Visual Studio Version 16
VisualStudioVersion = 16.0.31702.278
MinimumVisualStudioVersion = 10.0.40219.1
Project("{FAE04EC0-301F-11D3-BF4B-00C04F79EFBC}") = "ArrayList", "ArrayList.csproj", "{FD72C6D5-EAF2-4C16-B53C-6F211BD14E7A}"
EndProject
Project("{FAE04EC0-301F-11D3-BF4B-00C04F79EFBC}") = "ArrayList.Tests", "..\ArrayList.Tests\ArrayList.Tests.csproj", "{64922ADD-C5F5-4DAF-B23A-8B99ED3506A8}"
EndProject
Global
	GlobalSection(SolutionConfigurationPlatforms) = preSolution
		Debug|Any CPU = Debug|Any CPU
		Release|Any CPU = Release|Any CPU
	EndGlobalSection
	GlobalSection(ProjectConfigurationPlatforms) = postSolution
		{FD72C6D5-EAF2-4C16-B53C-6F211BD14E7A}.Debug|Any CPU.ActiveCfg = Debug|Any CPU
		{FD72C6D5-EAF2-4C16-B53C-6F211BD14E7A}.Debug|Any CPU.Build.0 = Debug|Any CPU
		{FD72C6D5-EAF2-4C16-B53C-6F211BD14E7A}.Release|Any CPU.ActiveCfg = Release|Any CPU
		{FD72C6D5-EAF2-4C16-B53C-6F211BD14E7A}.Release|Any CPU.Build.0 = Release|Any CPU
		{64922ADD-C5F5-4DAF-B23A-8B99ED3506A8}.Debug|Any CPU.ActiveCfg = Debug|Any CPU
		{64922ADD-C5F5-4DAF-B23A-8B99ED3506A8}.Debug|Any CPU.Build.0 = Debug|Any CPU
		{64922ADD-C5F5-4DAF-B23A-8B99ED3506A8}.Release|Any CPU.ActiveCfg = Release|Any CPU
		{64922ADD-C5F5-4DAF-B23A-8B99ED3506A8}.Release|Any CPU.Build.0 = Release|Any CPU
	EndGlobalSection
	GlobalSection(SolutionProperties) = preSolution
		HideSolutionNode = FALSE
	EndGlobalSection
	GlobalSection(ExtensibilityGlobals) = postSolution
		SolutionGuid = {3BDAAE99-4BA1-4122-8DD5-3E499ABA90C6}
	EndGlobalSection
EndGlobal
